// !$*UTF8*$!
{
	archiveVersion = 1;
	classes = {
	};
	objectVersion = 46;
	objects = {

/* Begin PBXBuildFile section */
		66C8134E19C6D0E100CC25AF /* main.m in Sources */ = {isa = PBXBuildFile; fileRef = 66C8134D19C6D0E100CC25AF /* main.m */; };
		66C8135119C6D0E100CC25AF /* AppDelegate.m in Sources */ = {isa = PBXBuildFile; fileRef = 66C8135019C6D0E100CC25AF /* AppDelegate.m */; };
		66C8135419C6D0E100CC25AF /* EmployeeTest.xcdatamodeld in Sources */ = {isa = PBXBuildFile; fileRef = 66C8135219C6D0E100CC25AF /* EmployeeTest.xcdatamodeld */; };
		66C8135C19C6D0E100CC25AF /* Images.xcassets in Resources */ = {isa = PBXBuildFile; fileRef = 66C8135B19C6D0E100CC25AF /* Images.xcassets */; };
		66C8135F19C6D0E100CC25AF /* LaunchScreen.xib in Resources */ = {isa = PBXBuildFile; fileRef = 66C8135D19C6D0E100CC25AF /* LaunchScreen.xib */; };
		66C8136B19C6D0E200CC25AF /* EmployeeTestTests.m in Sources */ = {isa = PBXBuildFile; fileRef = 66C8136A19C6D0E200CC25AF /* EmployeeTestTests.m */; };
		66C8137919C6D15500CC25AF /* HomeView.m in Sources */ = {isa = PBXBuildFile; fileRef = 66C8137819C6D15500CC25AF /* HomeView.m */; };
		66C8137D19C6D61400CC25AF /* EmployeeL2.m in Sources */ = {isa = PBXBuildFile; fileRef = 66C8137C19C6D61400CC25AF /* EmployeeL2.m */; };
		66C8138019C6D61400CC25AF /* EmployeeL1.m in Sources */ = {isa = PBXBuildFile; fileRef = 66C8137F19C6D61400CC25AF /* EmployeeL1.m */; };
		66C8138419C6D69800CC25AF /* DBManager.m in Sources */ = {isa = PBXBuildFile; fileRef = 66C8138319C6D69800CC25AF /* DBManager.m */; };
		66C8138719C6DDE500CC25AF /* TableListingView.m in Sources */ = {isa = PBXBuildFile; fileRef = 66C8138619C6DDE500CC25AF /* TableListingView.m */; };
		66C8138A19C6DEE900CC25AF /* Main.storyboard in Resources */ = {isa = PBXBuildFile; fileRef = 66C8138819C6DEE900CC25AF /* Main.storyboard */; };
		66C8138E19C6F04B00CC25AF /* Placeholder.png in Resources */ = {isa = PBXBuildFile; fileRef = 66C8138C19C6F04B00CC25AF /* Placeholder.png */; };
		66C8138F19C6F04B00CC25AF /* Placeholder@2x.png in Resources */ = {isa = PBXBuildFile; fileRef = 66C8138D19C6F04B00CC25AF /* Placeholder@2x.png */; };
		66C8139219C6F30800CC25AF /* AddProfileView.m in Sources */ = {isa = PBXBuildFile; fileRef = 66C8139119C6F30800CC25AF /* AddProfileView.m */; };
		66C8139419C6F44900CC25AF /* libxml2.dylib in Frameworks */ = {isa = PBXBuildFile; fileRef = 66C8139319C6F44900CC25AF /* libxml2.dylib */; };
		66C8139B19C6F47E00CC25AF /* TFHpple.m in Sources */ = {isa = PBXBuildFile; fileRef = 66C8139619C6F47E00CC25AF /* TFHpple.m */; };
		66C8139C19C6F47E00CC25AF /* TFHppleElement.m in Sources */ = {isa = PBXBuildFile; fileRef = 66C8139819C6F47E00CC25AF /* TFHppleElement.m */; };
		66C8139D19C6F47E00CC25AF /* XPathQuery.m in Sources */ = {isa = PBXBuildFile; fileRef = 66C8139A19C6F47E00CC25AF /* XPathQuery.m */; };
		66C8139F19C70C7300CC25AF /* loading.png in Resources */ = {isa = PBXBuildFile; fileRef = 66C8139E19C70C7300CC25AF /* loading.png */; };
		66C813A219C70C8800CC25AF /* Reachability.m in Sources */ = {isa = PBXBuildFile; fileRef = 66C813A119C70C8800CC25AF /* Reachability.m */; };
		66C813A519C70D8100CC25AF /* CheckReachability.m in Sources */ = {isa = PBXBuildFile; fileRef = 66C813A419C70D8100CC25AF /* CheckReachability.m */; };
		66E2019B19C71D2E00B3D891 /* ShowDetailView.m in Sources */ = {isa = PBXBuildFile; fileRef = 66E2019A19C71D2E00B3D891 /* ShowDetailView.m */; };
/* End PBXBuildFile section */

/* Begin PBXContainerItemProxy section */
		66C8136519C6D0E200CC25AF /* PBXContainerItemProxy */ = {
			isa = PBXContainerItemProxy;
			containerPortal = 66C8134019C6D0E100CC25AF /* Project object */;
			proxyType = 1;
			remoteGlobalIDString = 66C8134719C6D0E100CC25AF;
			remoteInfo = EmployeeTest;
		};
/* End PBXContainerItemProxy section */

/* Begin PBXFileReference section */
		66C8134819C6D0E100CC25AF /* EmployeeTest.app */ = {isa = PBXFileReference; explicitFileType = wrapper.application; includeInIndex = 0; path = EmployeeTest.app; sourceTree = BUILT_PRODUCTS_DIR; };
		66C8134C19C6D0E100CC25AF /* Info.plist */ = {isa = PBXFileReference; lastKnownFileType = text.plist.xml; path = Info.plist; sourceTree = "<group>"; };
		66C8134D19C6D0E100CC25AF /* main.m */ = {isa = PBXFileReference; lastKnownFileType = sourcecode.c.objc; path = main.m; sourceTree = "<group>"; };
		66C8134F19C6D0E100CC25AF /* AppDelegate.h */ = {isa = PBXFileReference; lastKnownFileType = sourcecode.c.h; path = AppDelegate.h; sourceTree = "<group>"; };
		66C8135019C6D0E100CC25AF /* AppDelegate.m */ = {isa = PBXFileReference; lastKnownFileType = sourcecode.c.objc; path = AppDelegate.m; sourceTree = "<group>"; };
		66C8135319C6D0E100CC25AF /* EmployeeTest.xcdatamodel */ = {isa = PBXFileReference; lastKnownFileType = wrapper.xcdatamodel; path = EmployeeTest.xcdatamodel; sourceTree = "<group>"; };
		66C8135B19C6D0E100CC25AF /* Images.xcassets */ = {isa = PBXFileReference; lastKnownFileType = folder.assetcatalog; path = Images.xcassets; sourceTree = "<group>"; };
		66C8135E19C6D0E100CC25AF /* Base */ = {isa = PBXFileReference; lastKnownFileType = file.xib; name = Base; path = Base.lproj/LaunchScreen.xib; sourceTree = "<group>"; };
		66C8136419C6D0E200CC25AF /* EmployeeTestTests.xctest */ = {isa = PBXFileReference; explicitFileType = wrapper.cfbundle; includeInIndex = 0; path = EmployeeTestTests.xctest; sourceTree = BUILT_PRODUCTS_DIR; };
		66C8136919C6D0E200CC25AF /* Info.plist */ = {isa = PBXFileReference; lastKnownFileType = text.plist.xml; path = Info.plist; sourceTree = "<group>"; };
		66C8136A19C6D0E200CC25AF /* EmployeeTestTests.m */ = {isa = PBXFileReference; lastKnownFileType = sourcecode.c.objc; path = EmployeeTestTests.m; sourceTree = "<group>"; };
		66C8137719C6D15500CC25AF /* HomeView.h */ = {isa = PBXFileReference; fileEncoding = 4; lastKnownFileType = sourcecode.c.h; path = HomeView.h; sourceTree = "<group>"; };
		66C8137819C6D15500CC25AF /* HomeView.m */ = {isa = PBXFileReference; fileEncoding = 4; lastKnownFileType = sourcecode.c.objc; path = HomeView.m; sourceTree = "<group>"; };
		66C8137B19C6D61400CC25AF /* EmployeeL2.h */ = {isa = PBXFileReference; fileEncoding = 4; lastKnownFileType = sourcecode.c.h; path = EmployeeL2.h; sourceTree = "<group>"; };
		66C8137C19C6D61400CC25AF /* EmployeeL2.m */ = {isa = PBXFileReference; fileEncoding = 4; lastKnownFileType = sourcecode.c.objc; path = EmployeeL2.m; sourceTree = "<group>"; };
		66C8137E19C6D61400CC25AF /* EmployeeL1.h */ = {isa = PBXFileReference; fileEncoding = 4; lastKnownFileType = sourcecode.c.h; path = EmployeeL1.h; sourceTree = "<group>"; };
		66C8137F19C6D61400CC25AF /* EmployeeL1.m */ = {isa = PBXFileReference; fileEncoding = 4; lastKnownFileType = sourcecode.c.objc; path = EmployeeL1.m; sourceTree = "<group>"; };
		66C8138219C6D69800CC25AF /* DBManager.h */ = {isa = PBXFileReference; fileEncoding = 4; lastKnownFileType = sourcecode.c.h; path = DBManager.h; sourceTree = "<group>"; };
		66C8138319C6D69800CC25AF /* DBManager.m */ = {isa = PBXFileReference; fileEncoding = 4; lastKnownFileType = sourcecode.c.objc; path = DBManager.m; sourceTree = "<group>"; };
		66C8138519C6DDE500CC25AF /* TableListingView.h */ = {isa = PBXFileReference; fileEncoding = 4; lastKnownFileType = sourcecode.c.h; path = TableListingView.h; sourceTree = "<group>"; };
		66C8138619C6DDE500CC25AF /* TableListingView.m */ = {isa = PBXFileReference; fileEncoding = 4; lastKnownFileType = sourcecode.c.objc; path = TableListingView.m; sourceTree = "<group>"; };
		66C8138919C6DEE900CC25AF /* Base */ = {isa = PBXFileReference; lastKnownFileType = file.storyboard; name = Base; path = Base.lproj/Main.storyboard; sourceTree = "<group>"; };
		66C8138C19C6F04B00CC25AF /* Placeholder.png */ = {isa = PBXFileReference; lastKnownFileType = image.png; path = Placeholder.png; sourceTree = "<group>"; };
		66C8138D19C6F04B00CC25AF /* Placeholder@2x.png */ = {isa = PBXFileReference; lastKnownFileType = image.png; path = "Placeholder@2x.png"; sourceTree = "<group>"; };
		66C8139019C6F30800CC25AF /* AddProfileView.h */ = {isa = PBXFileReference; fileEncoding = 4; lastKnownFileType = sourcecode.c.h; path = AddProfileView.h; sourceTree = "<group>"; };
		66C8139119C6F30800CC25AF /* AddProfileView.m */ = {isa = PBXFileReference; fileEncoding = 4; lastKnownFileType = sourcecode.c.objc; path = AddProfileView.m; sourceTree = "<group>"; };
		66C8139319C6F44900CC25AF /* libxml2.dylib */ = {isa = PBXFileReference; lastKnownFileType = "compiled.mach-o.dylib"; name = libxml2.dylib; path = usr/lib/libxml2.dylib; sourceTree = SDKROOT; };
		66C8139519C6F47E00CC25AF /* TFHpple.h */ = {isa = PBXFileReference; fileEncoding = 4; lastKnownFileType = sourcecode.c.h; path = TFHpple.h; sourceTree = "<group>"; };
		66C8139619C6F47E00CC25AF /* TFHpple.m */ = {isa = PBXFileReference; fileEncoding = 4; lastKnownFileType = sourcecode.c.objc; path = TFHpple.m; sourceTree = "<group>"; };
		66C8139719C6F47E00CC25AF /* TFHppleElement.h */ = {isa = PBXFileReference; fileEncoding = 4; lastKnownFileType = sourcecode.c.h; path = TFHppleElement.h; sourceTree = "<group>"; };
		66C8139819C6F47E00CC25AF /* TFHppleElement.m */ = {isa = PBXFileReference; fileEncoding = 4; lastKnownFileType = sourcecode.c.objc; path = TFHppleElement.m; sourceTree = "<group>"; };
		66C8139919C6F47E00CC25AF /* XPathQuery.h */ = {isa = PBXFileReference; fileEncoding = 4; lastKnownFileType = sourcecode.c.h; path = XPathQuery.h; sourceTree = "<group>"; };
		66C8139A19C6F47E00CC25AF /* XPathQuery.m */ = {isa = PBXFileReference; fileEncoding = 4; lastKnownFileType = sourcecode.c.objc; path = XPathQuery.m; sourceTree = "<group>"; };
		66C8139E19C70C7300CC25AF /* loading.png */ = {isa = PBXFileReference; lastKnownFileType = image.png; path = loading.png; sourceTree = "<group>"; };
		66C813A019C70C8800CC25AF /* Reachability.h */ = {isa = PBXFileReference; fileEncoding = 4; lastKnownFileType = sourcecode.c.h; path = Reachability.h; sourceTree = "<group>"; };
		66C813A119C70C8800CC25AF /* Reachability.m */ = {isa = PBXFileReference; fileEncoding = 4; lastKnownFileType = sourcecode.c.objc; path = Reachability.m; sourceTree = "<group>"; };
		66C813A319C70D8100CC25AF /* CheckReachability.h */ = {isa = PBXFileReference; fileEncoding = 4; lastKnownFileType = sourcecode.c.h; path = CheckReachability.h; sourceTree = "<group>"; };
		66C813A419C70D8100CC25AF /* CheckReachability.m */ = {isa = PBXFileReference; fileEncoding = 4; lastKnownFileType = sourcecode.c.objc; path = CheckReachability.m; sourceTree = "<group>"; };
		66E2019919C71D2E00B3D891 /* ShowDetailView.h */ = {isa = PBXFileReference; fileEncoding = 4; lastKnownFileType = sourcecode.c.h; path = ShowDetailView.h; sourceTree = "<group>"; };
		66E2019A19C71D2E00B3D891 /* ShowDetailView.m */ = {isa = PBXFileReference; fileEncoding = 4; lastKnownFileType = sourcecode.c.objc; path = ShowDetailView.m; sourceTree = "<group>"; };
/* End PBXFileReference section */

/* Begin PBXFrameworksBuildPhase section */
		66C8134519C6D0E100CC25AF /* Frameworks */ = {
			isa = PBXFrameworksBuildPhase;
			buildActionMask = 2147483647;
			files = (
				66C8139419C6F44900CC25AF /* libxml2.dylib in Frameworks */,
			);
			runOnlyForDeploymentPostprocessing = 0;
		};
		66C8136119C6D0E200CC25AF /* Frameworks */ = {
			isa = PBXFrameworksBuildPhase;
			buildActionMask = 2147483647;
			files = (
			);
			runOnlyForDeploymentPostprocessing = 0;
		};
/* End PBXFrameworksBuildPhase section */

/* Begin PBXGroup section */
		66C8133F19C6D0E100CC25AF = {
			isa = PBXGroup;
			children = (
				66C8134A19C6D0E100CC25AF /* EmployeeTest */,
				66C8136719C6D0E200CC25AF /* EmployeeTestTests */,
				66C8134919C6D0E100CC25AF /* Products */,
			);
			sourceTree = "<group>";
		};
		66C8134919C6D0E100CC25AF /* Products */ = {
			isa = PBXGroup;
			children = (
				66C8134819C6D0E100CC25AF /* EmployeeTest.app */,
				66C8136419C6D0E200CC25AF /* EmployeeTestTests.xctest */,
			);
			name = Products;
			sourceTree = "<group>";
		};
		66C8134A19C6D0E100CC25AF /* EmployeeTest */ = {
			isa = PBXGroup;
			children = (
				66C8137519C6D12600CC25AF /* Main Views */,
				66C8137A19C6D15900CC25AF /* Detail Views */,
				66C8138119C6D67100CC25AF /* DBManager */,
				66C8138B19C6E78100CC25AF /* Utility */,
				66C8137619C6D12E00CC25AF /* Models */,
				66C8134F19C6D0E100CC25AF /* AppDelegate.h */,
				66C8135019C6D0E100CC25AF /* AppDelegate.m */,
				66C8135B19C6D0E100CC25AF /* Images.xcassets */,
				66C8135D19C6D0E100CC25AF /* LaunchScreen.xib */,
				66C8138819C6DEE900CC25AF /* Main.storyboard */,
				66C8135219C6D0E100CC25AF /* EmployeeTest.xcdatamodeld */,
				66C8134B19C6D0E100CC25AF /* Supporting Files */,
			);
			path = EmployeeTest;
			sourceTree = "<group>";
		};
		66C8134B19C6D0E100CC25AF /* Supporting Files */ = {
			isa = PBXGroup;
			children = (
				66C8139319C6F44900CC25AF /* libxml2.dylib */,
				66C8134C19C6D0E100CC25AF /* Info.plist */,
				66C8134D19C6D0E100CC25AF /* main.m */,
				66C8138C19C6F04B00CC25AF /* Placeholder.png */,
				66C8138D19C6F04B00CC25AF /* Placeholder@2x.png */,
				66C8139E19C70C7300CC25AF /* loading.png */,
			);
			name = "Supporting Files";
			sourceTree = "<group>";
		};
		66C8136719C6D0E200CC25AF /* EmployeeTestTests */ = {
			isa = PBXGroup;
			children = (
				66C8136A19C6D0E200CC25AF /* EmployeeTestTests.m */,
				66C8136819C6D0E200CC25AF /* Supporting Files */,
			);
			path = EmployeeTestTests;
			sourceTree = "<group>";
		};
		66C8136819C6D0E200CC25AF /* Supporting Files */ = {
			isa = PBXGroup;
			children = (
				66C8136919C6D0E200CC25AF /* Info.plist */,
			);
			name = "Supporting Files";
			sourceTree = "<group>";
		};
		66C8137419C6D11B00CC25AF /* HTMLParsing */ = {
			isa = PBXGroup;
			children = (
				66C8139519C6F47E00CC25AF /* TFHpple.h */,
				66C8139619C6F47E00CC25AF /* TFHpple.m */,
				66C8139719C6F47E00CC25AF /* TFHppleElement.h */,
				66C8139819C6F47E00CC25AF /* TFHppleElement.m */,
				66C8139919C6F47E00CC25AF /* XPathQuery.h */,
				66C8139A19C6F47E00CC25AF /* XPathQuery.m */,
			);
			name = HTMLParsing;
			sourceTree = "<group>";
		};
		66C8137519C6D12600CC25AF /* Main Views */ = {
			isa = PBXGroup;
			children = (
				66C8137719C6D15500CC25AF /* HomeView.h */,
				66C8137819C6D15500CC25AF /* HomeView.m */,
				66C8138519C6DDE500CC25AF /* TableListingView.h */,
				66C8138619C6DDE500CC25AF /* TableListingView.m */,
			);
			name = "Main Views";
			sourceTree = "<group>";
		};
		66C8137619C6D12E00CC25AF /* Models */ = {
			isa = PBXGroup;
			children = (
				66C8137E19C6D61400CC25AF /* EmployeeL1.h */,
				66C8137F19C6D61400CC25AF /* EmployeeL1.m */,
				66C8137B19C6D61400CC25AF /* EmployeeL2.h */,
				66C8137C19C6D61400CC25AF /* EmployeeL2.m */,
			);
			name = Models;
			sourceTree = "<group>";
		};
		66C8137A19C6D15900CC25AF /* Detail Views */ = {
			isa = PBXGroup;
			children = (
				66C8139019C6F30800CC25AF /* AddProfileView.h */,
				66C8139119C6F30800CC25AF /* AddProfileView.m */,
				66E2019919C71D2E00B3D891 /* ShowDetailView.h */,
				66E2019A19C71D2E00B3D891 /* ShowDetailView.m */,
			);
			name = "Detail Views";
			sourceTree = "<group>";
		};
		66C8138119C6D67100CC25AF /* DBManager */ = {
			isa = PBXGroup;
			children = (
				66C8138219C6D69800CC25AF /* DBManager.h */,
				66C8138319C6D69800CC25AF /* DBManager.m */,
			);
			name = DBManager;
			sourceTree = "<group>";
		};
		66C8138B19C6E78100CC25AF /* Utility */ = {
			isa = PBXGroup;
			children = (
				66C8137419C6D11B00CC25AF /* HTMLParsing */,
				66C813A019C70C8800CC25AF /* Reachability.h */,
				66C813A119C70C8800CC25AF /* Reachability.m */,
				66C813A319C70D8100CC25AF /* CheckReachability.h */,
				66C813A419C70D8100CC25AF /* CheckReachability.m */,
			);
			name = Utility;
			sourceTree = "<group>";
		};
/* End PBXGroup section */

/* Begin PBXNativeTarget section */
		66C8134719C6D0E100CC25AF /* EmployeeTest */ = {
			isa = PBXNativeTarget;
			buildConfigurationList = 66C8136E19C6D0E200CC25AF /* Build configuration list for PBXNativeTarget "EmployeeTest" */;
			buildPhases = (
				66C8134419C6D0E100CC25AF /* Sources */,
				66C8134519C6D0E100CC25AF /* Frameworks */,
				66C8134619C6D0E100CC25AF /* Resources */,
			);
			buildRules = (
			);
			dependencies = (
			);
			name = EmployeeTest;
			productName = EmployeeTest;
			productReference = 66C8134819C6D0E100CC25AF /* EmployeeTest.app */;
			productType = "com.apple.product-type.application";
		};
		66C8136319C6D0E200CC25AF /* EmployeeTestTests */ = {
			isa = PBXNativeTarget;
			buildConfigurationList = 66C8137119C6D0E200CC25AF /* Build configuration list for PBXNativeTarget "EmployeeTestTests" */;
			buildPhases = (
				66C8136019C6D0E200CC25AF /* Sources */,
				66C8136119C6D0E200CC25AF /* Frameworks */,
				66C8136219C6D0E200CC25AF /* Resources */,
			);
			buildRules = (
			);
			dependencies = (
				66C8136619C6D0E200CC25AF /* PBXTargetDependency */,
			);
			name = EmployeeTestTests;
			productName = EmployeeTestTests;
			productReference = 66C8136419C6D0E200CC25AF /* EmployeeTestTests.xctest */;
			productType = "com.apple.product-type.bundle.unit-test";
		};
/* End PBXNativeTarget section */

/* Begin PBXProject section */
		66C8134019C6D0E100CC25AF /* Project object */ = {
			isa = PBXProject;
			attributes = {
				LastUpgradeCheck = 0600;
				ORGANIZATIONNAME = LDellar;
				TargetAttributes = {
					66C8134719C6D0E100CC25AF = {
						CreatedOnToolsVersion = 6.0;
					};
					66C8136319C6D0E200CC25AF = {
						CreatedOnToolsVersion = 6.0;
						TestTargetID = 66C8134719C6D0E100CC25AF;
					};
				};
			};
			buildConfigurationList = 66C8134319C6D0E100CC25AF /* Build configuration list for PBXProject "EmployeeTest" */;
			compatibilityVersion = "Xcode 3.2";
			developmentRegion = English;
			hasScannedForEncodings = 0;
			knownRegions = (
				en,
				Base,
			);
			mainGroup = 66C8133F19C6D0E100CC25AF;
			productRefGroup = 66C8134919C6D0E100CC25AF /* Products */;
			projectDirPath = "";
			projectRoot = "";
			targets = (
				66C8134719C6D0E100CC25AF /* EmployeeTest */,
				66C8136319C6D0E200CC25AF /* EmployeeTestTests */,
			);
		};
/* End PBXProject section */

/* Begin PBXResourcesBuildPhase section */
		66C8134619C6D0E100CC25AF /* Resources */ = {
			isa = PBXResourcesBuildPhase;
			buildActionMask = 2147483647;
			files = (
				66C8139F19C70C7300CC25AF /* loading.png in Resources */,
				66C8138F19C6F04B00CC25AF /* Placeholder@2x.png in Resources */,
				66C8138A19C6DEE900CC25AF /* Main.storyboard in Resources */,
				66C8138E19C6F04B00CC25AF /* Placeholder.png in Resources */,
				66C8135F19C6D0E100CC25AF /* LaunchScreen.xib in Resources */,
				66C8135C19C6D0E100CC25AF /* Images.xcassets in Resources */,
			);
			runOnlyForDeploymentPostprocessing = 0;
		};
		66C8136219C6D0E200CC25AF /* Resources */ = {
			isa = PBXResourcesBuildPhase;
			buildActionMask = 2147483647;
			files = (
			);
			runOnlyForDeploymentPostprocessing = 0;
		};
/* End PBXResourcesBuildPhase section */

/* Begin PBXSourcesBuildPhase section */
		66C8134419C6D0E100CC25AF /* Sources */ = {
			isa = PBXSourcesBuildPhase;
			buildActionMask = 2147483647;
			files = (
				66C813A219C70C8800CC25AF /* Reachability.m in Sources */,
				66C8138419C6D69800CC25AF /* DBManager.m in Sources */,
				66C8135419C6D0E100CC25AF /* EmployeeTest.xcdatamodeld in Sources */,
				66C813A519C70D8100CC25AF /* CheckReachability.m in Sources */,
				66C8139219C6F30800CC25AF /* AddProfileView.m in Sources */,
				66C8138719C6DDE500CC25AF /* TableListingView.m in Sources */,
				66C8135119C6D0E100CC25AF /* AppDelegate.m in Sources */,
				66C8139B19C6F47E00CC25AF /* TFHpple.m in Sources */,
				66C8137919C6D15500CC25AF /* HomeView.m in Sources */,
				66C8137D19C6D61400CC25AF /* EmployeeL2.m in Sources */,
				66E2019B19C71D2E00B3D891 /* ShowDetailView.m in Sources */,
				66C8138019C6D61400CC25AF /* EmployeeL1.m in Sources */,
				66C8134E19C6D0E100CC25AF /* main.m in Sources */,
				66C8139D19C6F47E00CC25AF /* XPathQuery.m in Sources */,
				66C8139C19C6F47E00CC25AF /* TFHppleElement.m in Sources */,
			);
			runOnlyForDeploymentPostprocessing = 0;
		};
		66C8136019C6D0E200CC25AF /* Sources */ = {
			isa = PBXSourcesBuildPhase;
			buildActionMask = 2147483647;
			files = (
				66C8136B19C6D0E200CC25AF /* EmployeeTestTests.m in Sources */,
			);
			runOnlyForDeploymentPostprocessing = 0;
		};
/* End PBXSourcesBuildPhase section */

/* Begin PBXTargetDependency section */
		66C8136619C6D0E200CC25AF /* PBXTargetDependency */ = {
			isa = PBXTargetDependency;
			target = 66C8134719C6D0E100CC25AF /* EmployeeTest */;
			targetProxy = 66C8136519C6D0E200CC25AF /* PBXContainerItemProxy */;
		};
/* End PBXTargetDependency section */

/* Begin PBXVariantGroup section */
		66C8135D19C6D0E100CC25AF /* LaunchScreen.xib */ = {
			isa = PBXVariantGroup;
			children = (
				66C8135E19C6D0E100CC25AF /* Base */,
			);
			name = LaunchScreen.xib;
			sourceTree = "<group>";
		};
		66C8138819C6DEE900CC25AF /* Main.storyboard */ = {
			isa = PBXVariantGroup;
			children = (
				66C8138919C6DEE900CC25AF /* Base */,
			);
			name = Main.storyboard;
			sourceTree = "<group>";
		};
/* End PBXVariantGroup section */

/* Begin XCBuildConfiguration section */
		66C8136C19C6D0E200CC25AF /* Debug */ = {
			isa = XCBuildConfiguration;
			buildSettings = {
				ALWAYS_SEARCH_USER_PATHS = NO;
				CLANG_CXX_LANGUAGE_STANDARD = "gnu++0x";
				CLANG_CXX_LIBRARY = "libc++";
				CLANG_ENABLE_MODULES = YES;
				CLANG_ENABLE_OBJC_ARC = YES;
				CLANG_WARN_BOOL_CONVERSION = YES;
				CLANG_WARN_CONSTANT_CONVERSION = YES;
				CLANG_WARN_DIRECT_OBJC_ISA_USAGE = YES_ERROR;
				CLANG_WARN_EMPTY_BODY = YES;
				CLANG_WARN_ENUM_CONVERSION = YES;
				CLANG_WARN_INT_CONVERSION = YES;
				CLANG_WARN_OBJC_ROOT_CLASS = YES_ERROR;
				CLANG_WARN_UNREACHABLE_CODE = YES;
				CLANG_WARN__DUPLICATE_METHOD_MATCH = YES;
				"CODE_SIGN_IDENTITY[sdk=iphoneos*]" = "iPhone Developer";
				COPY_PHASE_STRIP = NO;
				ENABLE_STRICT_OBJC_MSGSEND = YES;
				GCC_C_LANGUAGE_STANDARD = gnu99;
				GCC_DYNAMIC_NO_PIC = NO;
				GCC_OPTIMIZATION_LEVEL = 0;
				GCC_PREPROCESSOR_DEFINITIONS = (
					"DEBUG=1",
					"$(inherited)",
				);
				GCC_SYMBOLS_PRIVATE_EXTERN = NO;
				GCC_WARN_64_TO_32_BIT_CONVERSION = YES;
				GCC_WARN_ABOUT_RETURN_TYPE = YES_ERROR;
				GCC_WARN_UNDECLARED_SELECTOR = YES;
				GCC_WARN_UNINITIALIZED_AUTOS = YES_AGGRESSIVE;
				GCC_WARN_UNUSED_FUNCTION = YES;
				GCC_WARN_UNUSED_VARIABLE = YES;
				IPHONEOS_DEPLOYMENT_TARGET = 8.0;
				MTL_ENABLE_DEBUG_INFO = YES;
				ONLY_ACTIVE_ARCH = YES;
				SDKROOT = iphoneos;
			};
			name = Debug;
		};
		66C8136D19C6D0E200CC25AF /* Release */ = {
			isa = XCBuildConfiguration;
			buildSettings = {
				ALWAYS_SEARCH_USER_PATHS = NO;
				CLANG_CXX_LANGUAGE_STANDARD = "gnu++0x";
				CLANG_CXX_LIBRARY = "libc++";
				CLANG_ENABLE_MODULES = YES;
				CLANG_ENABLE_OBJC_ARC = YES;
				CLANG_WARN_BOOL_CONVERSION = YES;
				CLANG_WARN_CONSTANT_CONVERSION = YES;
				CLANG_WARN_DIRECT_OBJC_ISA_USAGE = YES_ERROR;
				CLANG_WARN_EMPTY_BODY = YES;
				CLANG_WARN_ENUM_CONVERSION = YES;
				CLANG_WARN_INT_CONVERSION = YES;
				CLANG_WARN_OBJC_ROOT_CLASS = YES_ERROR;
				CLANG_WARN_UNREACHABLE_CODE = YES;
				CLANG_WARN__DUPLICATE_METHOD_MATCH = YES;
				"CODE_SIGN_IDENTITY[sdk=iphoneos*]" = "iPhone Developer";
				COPY_PHASE_STRIP = YES;
				ENABLE_NS_ASSERTIONS = NO;
				ENABLE_STRICT_OBJC_MSGSEND = YES;
				GCC_C_LANGUAGE_STANDARD = gnu99;
				GCC_WARN_64_TO_32_BIT_CONVERSION = YES;
				GCC_WARN_ABOUT_RETURN_TYPE = YES_ERROR;
				GCC_WARN_UNDECLARED_SELECTOR = YES;
				GCC_WARN_UNINITIALIZED_AUTOS = YES_AGGRESSIVE;
				GCC_WARN_UNUSED_FUNCTION = YES;
				GCC_WARN_UNUSED_VARIABLE = YES;
				IPHONEOS_DEPLOYMENT_TARGET = 8.0;
				MTL_ENABLE_DEBUG_INFO = NO;
				SDKROOT = iphoneos;
				VALIDATE_PRODUCT = YES;
			};
			name = Release;
		};
		66C8136F19C6D0E200CC25AF /* Debug */ = {
			isa = XCBuildConfiguration;
			buildSettings = {
				ASSETCATALOG_COMPILER_APPICON_NAME = AppIcon;
				HEADER_SEARCH_PATHS = (
					"$(inherited)",
					/usr/include/libxml2,
					/Applications/Xcode.app/Contents/Developer/Toolchains/XcodeDefault.xctoolchain/usr/include,
				);
				INFOPLIST_FILE = EmployeeTest/Info.plist;
				IPHONEOS_DEPLOYMENT_TARGET = 7.0;
				LD_RUNPATH_SEARCH_PATHS = "$(inherited) @executable_path/Frameworks";
				PRODUCT_NAME = "$(TARGET_NAME)";
				USER_HEADER_SEARCH_PATHS = /usr/include/libxml2;
			};
			name = Debug;
		};
		66C8137019C6D0E200CC25AF /* Release */ = {
			isa = XCBuildConfiguration;
			buildSettings = {
				ASSETCATALOG_COMPILER_APPICON_NAME = AppIcon;
				HEADER_SEARCH_PATHS = (
					"$(inherited)",
					/usr/include/libxml2,
					/Applications/Xcode.app/Contents/Developer/Toolchains/XcodeDefault.xctoolchain/usr/include,
				);
				INFOPLIST_FILE = EmployeeTest/Info.plist;
				IPHONEOS_DEPLOYMENT_TARGET = 7.0;
				LD_RUNPATH_SEARCH_PATHS = "$(inherited) @executable_path/Frameworks";
				PRODUCT_NAME = "$(TARGET_NAME)";
				USER_HEADER_SEARCH_PATHS = /usr/include/libxml2;
			};
			name = Release;
		};
		66C8137219C6D0E200CC25AF /* Debug */ = {
			isa = XCBuildConfiguration;
			buildSettings = {
				BUNDLE_LOADER = "$(TEST_HOST)";
				FRAMEWORK_SEARCH_PATHS = (
					"$(SDKROOT)/Developer/Library/Frameworks",
					"$(inherited)",
				);
				GCC_PREPROCESSOR_DEFINITIONS = (
					"DEBUG=1",
					"$(inherited)",
				);
				INFOPLIST_FILE = EmployeeTestTests/Info.plist;
				LD_RUNPATH_SEARCH_PATHS = "$(inherited) @executable_path/Frameworks @loader_path/Frameworks";
				PRODUCT_NAME = "$(TARGET_NAME)";
				TEST_HOST = "$(BUILT_PRODUCTS_DIR)/EmployeeTest.app/EmployeeTest";
			};
			name = Debug;
		};
		66C8137319C6D0E200CC25AF /* Release */ = {
			isa = XCBuildConfiguration;
			buildSettings = {
				BUNDLE_LOADER = "$(TEST_HOST)";
				FRAMEWORK_SEARCH_PATHS = (
					"$(SDKROOT)/Developer/Library/Frameworks",
					"$(inherited)",
				);
				INFOPLIST_FILE = EmployeeTestTests/Info.plist;
				LD_RUNPATH_SEARCH_PATHS = "$(inherited) @executable_path/Frameworks @loader_path/Frameworks";
				PRODUCT_NAME = "$(TARGET_NAME)";
				TEST_HOST = "$(BUILT_PRODUCTS_DIR)/EmployeeTest.app/EmployeeTest";
			};
			name = Release;
		};
/* End XCBuildConfiguration section */

/* Begin XCConfigurationList section */
		66C8134319C6D0E100CC25AF /* Build configuration list for PBXProject "EmployeeTest" */ = {
			isa = XCConfigurationList;
			buildConfigurations = (
				66C8136C19C6D0E200CC25AF /* Debug */,
				66C8136D19C6D0E200CC25AF /* Release */,
			);
			defaultConfigurationIsVisible = 0;
			defaultConfigurationName = Release;
		};
		66C8136E19C6D0E200CC25AF /* Build configuration list for PBXNativeTarget "EmployeeTest" */ = {
			isa = XCConfigurationList;
			buildConfigurations = (
				66C8136F19C6D0E200CC25AF /* Debug */,
				66C8137019C6D0E200CC25AF /* Release */,
			);
			defaultConfigurationIsVisible = 0;
			defaultConfigurationName = Release;
		};
		66C8137119C6D0E200CC25AF /* Build configuration list for PBXNativeTarget "EmployeeTestTests" */ = {
			isa = XCConfigurationList;
			buildConfigurations = (
				66C8137219C6D0E200CC25AF /* Debug */,
				66C8137319C6D0E200CC25AF /* Release */,
			);
			defaultConfigurationIsVisible = 0;
			defaultConfigurationName = Release;
		};
/* End XCConfigurationList section */

/* Begin XCVersionGroup section */
		66C8135219C6D0E100CC25AF /* EmployeeTest.xcdatamodeld */ = {
			isa = XCVersionGroup;
			children = (
				66C8135319C6D0E100CC25AF /* EmployeeTest.xcdatamodel */,
			);
			currentVersion = 66C8135319C6D0E100CC25AF /* EmployeeTest.xcdatamodel */;
			path = EmployeeTest.xcdatamodeld;
			sourceTree = "<group>";
			versionGroupType = wrapper.xcdatamodel;
		};
/* End XCVersionGroup section */
	};
	rootObject = 66C8134019C6D0E100CC25AF /* Project object */;
}
